{
  "version": 1,
  "dependencies": {
    "net9.0": {
      "NAudio": {
        "type": "Direct",
        "requested": "[2.3.0, )",
        "resolved": "2.3.0",
        "contentHash": "xN+Lzlu9DmXqBiL6XkP0VZmgTxZPdSGjVSWtKG9HKuar3LhIYNOIYQETieigS+QDS+nrs1QmHbBWWOru0nWA5A==",
        "dependencies": {
          "NAudio.Asio": "2.3.0",
          "NAudio.Core": "2.3.0",
          "NAudio.Midi": "2.3.0",
          "NAudio.Wasapi": "2.3.0",
          "NAudio.WinMM": "2.3.0"
        }
      },
      "Microsoft.NETCore.Platforms": {
        "type": "Transitive",
        "resolved": "3.1.0",
        "contentHash": "z7aeg8oHln2CuNulfhiLYxCVMPEwBl3rzicjvIX+4sUuCwvXw5oXQEtbiU2c0z4qYL5L3Kmx0mMA/+t/SbY67w=="
      },
      "Microsoft.Win32.Registry": {
        "type": "Transitive",
        "resolved": "4.7.0",
        "contentHash": "KSrRMb5vNi0CWSGG1++id2ZOs/1QhRqROt+qgbEAdQuGjGrFcl4AOl4/exGPUYz2wUnU42nvJqon1T3U0kPXLA==",
        "dependencies": {
          "System.Security.AccessControl": "4.7.0",
          "System.Security.Principal.Windows": "4.7.0"
        }
      },
      "NAudio.Asio": {
        "type": "Transitive",
        "resolved": "2.3.0",
        "contentHash": "I+rAAPT8vmSEw4d4ie+AoSkrvNK6ylRrXznnjQKS+qZgTA9Jnt1Pxe0EaU8nXxOOq5h8ucBSWccBEw6I/J0nkQ==",
        "dependencies": {
          "Microsoft.Win32.Registry": "4.7.0",
          "NAudio.Core": "2.3.0"
        }
      },
      "NAudio.Core": {
        "type": "Transitive",
        "resolved": "2.3.0",
        "contentHash": "jMd7r6dB6tAtXhOYL58ntPqwERNm1/Rhw5MKOIYvsnXzuX+PTGsa2VMam6n0npZYSwlSidKa4GAm4bFcXFUlcg=="
      },
      "NAudio.Midi": {
        "type": "Transitive",
        "resolved": "2.3.0",
        "contentHash": "t8wvPFPHHQOHhoNMCaDE8OiYZoJuxmY4H6UPBtmnf+xx7oQuajFCqlG4Q00ID+tiEyj471WeVb4Nkylr4tDoow==",
        "dependencies": {
          "NAudio.Core": "2.3.0"
        }
      },
      "NAudio.Wasapi": {
        "type": "Transitive",
        "resolved": "2.3.0",
        "contentHash": "y5K2BxrLnvohgu5znzg5wRsai3YcuNXfrpo68i7PmCQqpK5MC/R24e5aO3OyN/XhfRr12e0QYV0OnUWEHi5SzA==",
        "dependencies": {
          "NAudio.Core": "2.3.0"
        }
      },
      "NAudio.WinMM": {
        "type": "Transitive",
        "resolved": "2.3.0",
        "contentHash": "5G1dRjsZm50T3luyuqcmI2BSvj3K4ZJaD/x776/0Epj88qOsOryDZG40+MufwIk1UFJSFWhRobBqtJYFc8Ss4g==",
        "dependencies": {
          "NAudio.Core": "2.3.0"
        }
      },
      "SkiaSharp": {
        "type": "Transitive",
        "resolved": "2.88.8",
        "contentHash": "bRkp3uKp5ZI8gXYQT57uKwil1uobb2p8c69n7v5evlB/2JNcMAXVcw9DZAP5Ig3WSvgzGm2YSn27UVeOi05NlA==",
        "dependencies": {
          "SkiaSharp.NativeAssets.Win32": "2.88.8",
          "SkiaSharp.NativeAssets.macOS": "2.88.8"
        }
      },
      "SkiaSharp.NativeAssets.macOS": {
        "type": "Transitive",
        "resolved": "2.88.8",
        "contentHash": "6Kn5TSkKlfyS6azWHF3Jk2sW5C4jCE5uSshM/5AbfFrR+5n6qM5XEnz9h4VaVl7LTxBvHvMkuPb/3bpbq0vxTw=="
      },
      "SkiaSharp.NativeAssets.Win32": {
        "type": "Transitive",
        "resolved": "2.88.8",
        "contentHash": "O9QXoWEXA+6cweR4h3BOnwMz+pO9vL9mXdjLrpDd0w1QzCgWmLQBxa1VgySDITiH7nQndrDG1h6937zm9pLj1Q=="
      },
      "System.Security.AccessControl": {
        "type": "Transitive",
        "resolved": "4.7.0",
        "contentHash": "JECvTt5aFF3WT3gHpfofL2MNNP6v84sxtXxpqhLBCcDRzqsPBmHhQ6shv4DwwN2tRlzsUxtb3G9M3763rbXKDg==",
        "dependencies": {
          "Microsoft.NETCore.Platforms": "3.1.0",
          "System.Security.Principal.Windows": "4.7.0"
        }
      },
      "System.Security.Principal.Windows": {
        "type": "Transitive",
        "resolved": "4.7.0",
        "contentHash": "ojD0PX0XhneCsUbAZVKdb7h/70vyYMDYs85lwEI+LngEONe/17A0cFaRFqZU+sOEidcVswYWikYOQ9PPfjlbtQ=="
      },
      "lumos.application": {
        "type": "Project",
        "dependencies": {
          "Lumos.Domain": "[1.0.0, )",
          "SkiaSharp": "[2.88.8, )"
        }
      },
      "lumos.domain": {
        "type": "Project"
      }
    }
  }
}